
Microsoft Visual Studio Solution File, Format Version 12.00
# Visual Studio Version 16
VisualStudioVersion = 16.0.31515.178
MinimumVisualStudioVersion = 10.0.40219.1
Project("{9A19103F-16F7-4668-BE54-9A1E7A4F7556}") = "Monitor.China.Api", "Monitor.China.Api\Monitor.China.Api.csproj", "{DCFF0365-68B2-4CF0-883A-E492760A040D}"
EndProject
Project("{9A19103F-16F7-4668-BE54-9A1E7A4F7556}") = "Domain", "Domain\Domain.csproj", "{9FCE2061-18A8-409C-BB0D-088EDF100769}"
EndProject
Project("{9A19103F-16F7-4668-BE54-9A1E7A4F7556}") = "Api", "Api\Api.csproj", "{72B2F66C-2A5E-4792-9A7B-231BC9B343F6}"
EndProject
Project("{FAE04EC0-301F-11D3-BF4B-00C04F79EFBC}") = "Application", "Application\Application.csproj", "{A6E2B3FD-47C3-42A7-93FA-A4A4421A61FA}"
EndProject
Global
	GlobalSection(SolutionConfigurationPlatforms) = preSolution
		Debug|Any CPU = Debug|Any CPU
		Release|Any CPU = Release|Any CPU
	EndGlobalSection
	GlobalSection(ProjectConfigurationPlatforms) = postSolution
		{DCFF0365-68B2-4CF0-883A-E492760A040D}.Debug|Any CPU.ActiveCfg = Debug|Any CPU
		{DCFF0365-68B2-4CF0-883A-E492760A040D}.Debug|Any CPU.Build.0 = Debug|Any CPU
		{DCFF0365-68B2-4CF0-883A-E492760A040D}.Release|Any CPU.ActiveCfg = Release|Any CPU
		{DCFF0365-68B2-4CF0-883A-E492760A040D}.Release|Any CPU.Build.0 = Release|Any CPU
		{9FCE2061-18A8-409C-BB0D-088EDF100769}.Debug|Any CPU.ActiveCfg = Debug|Any CPU
		{9FCE2061-18A8-409C-BB0D-088EDF100769}.Debug|Any CPU.Build.0 = Debug|Any CPU
		{9FCE2061-18A8-409C-BB0D-088EDF100769}.Release|Any CPU.ActiveCfg = Release|Any CPU
		{9FCE2061-18A8-409C-BB0D-088EDF100769}.Release|Any CPU.Build.0 = Release|Any CPU
		{72B2F66C-2A5E-4792-9A7B-231BC9B343F6}.Debug|Any CPU.ActiveCfg = Debug|Any CPU
		{72B2F66C-2A5E-4792-9A7B-231BC9B343F6}.Debug|Any CPU.Build.0 = Debug|Any CPU
		{72B2F66C-2A5E-4792-9A7B-231BC9B343F6}.Release|Any CPU.ActiveCfg = Release|Any CPU
		{72B2F66C-2A5E-4792-9A7B-231BC9B343F6}.Release|Any CPU.Build.0 = Release|Any CPU
		{A6E2B3FD-47C3-42A7-93FA-A4A4421A61FA}.Debug|Any CPU.ActiveCfg = Debug|Any CPU
		{A6E2B3FD-47C3-42A7-93FA-A4A4421A61FA}.Debug|Any CPU.Build.0 = Debug|Any CPU
		{A6E2B3FD-47C3-42A7-93FA-A4A4421A61FA}.Release|Any CPU.ActiveCfg = Release|Any CPU
		{A6E2B3FD-47C3-42A7-93FA-A4A4421A61FA}.Release|Any CPU.Build.0 = Release|Any CPU
	EndGlobalSection
	GlobalSection(SolutionProperties) = preSolution
		HideSolutionNode = FALSE
	EndGlobalSection
	GlobalSection(ExtensibilityGlobals) = postSolution
		SolutionGuid = {C343E2A2-6918-495A-B155-6DA9F825AA89}
	EndGlobalSection
EndGlobal
